// !$*UTF8*$!
{
	archiveVersion = 1;
	classes = {
	};
	objectVersion = 50;
	objects = {

/* Begin PBXBuildFile section */
		CE631E90241DBF7400E11A70 /* AppDelegate.swift in Sources */ = {isa = PBXBuildFile; fileRef = CE631E8F241DBF7400E11A70 /* AppDelegate.swift */; };
		CE631E92241DBF7400E11A70 /* SceneDelegate.swift in Sources */ = {isa = PBXBuildFile; fileRef = CE631E91241DBF7400E11A70 /* SceneDelegate.swift */; };
		CE631E97241DBF7400E11A70 /* Main.storyboard in Resources */ = {isa = PBXBuildFile; fileRef = CE631E95241DBF7400E11A70 /* Main.storyboard */; };
		CE631E99241DBF7500E11A70 /* Assets.xcassets in Resources */ = {isa = PBXBuildFile; fileRef = CE631E98241DBF7500E11A70 /* Assets.xcassets */; };
		CE631E9C241DBF7500E11A70 /* LaunchScreen.storyboard in Resources */ = {isa = PBXBuildFile; fileRef = CE631E9A241DBF7500E11A70 /* LaunchScreen.storyboard */; };
		CE631EA8241DC37D00E11A70 /* WeatherListTableViewController.swift in Sources */ = {isa = PBXBuildFile; fileRef = CE631EA7241DC37D00E11A70 /* WeatherListTableViewController.swift */; };
		CE631EAA241DC3EA00E11A70 /* AddWeatherCityViewController.swift in Sources */ = {isa = PBXBuildFile; fileRef = CE631EA9241DC3EA00E11A70 /* AddWeatherCityViewController.swift */; };
		CE631EAE241DCDD100E11A70 /* WeatherCell.swift in Sources */ = {isa = PBXBuildFile; fileRef = CE631EAD241DCDD100E11A70 /* WeatherCell.swift */; };
		CE631EB1241E8D5C00E11A70 /* WebService.swift in Sources */ = {isa = PBXBuildFile; fileRef = CE631EB0241E8D5C00E11A70 /* WebService.swift */; };
		CE631EB4241E92A800E11A70 /* WeatherListViewModel.swift in Sources */ = {isa = PBXBuildFile; fileRef = CE631EB3241E92A800E11A70 /* WeatherListViewModel.swift */; };
		CE631EB6241E931100E11A70 /* WeatherViewModel.swift in Sources */ = {isa = PBXBuildFile; fileRef = CE631EB5241E931000E11A70 /* WeatherViewModel.swift */; };
		CE631EBB241EA44E00E11A70 /* Double+Extensions.swift in Sources */ = {isa = PBXBuildFile; fileRef = CE631EBA241EA44E00E11A70 /* Double+Extensions.swift */; };
		CE631EBD241EAC4F00E11A70 /* SettingsTableViewController.swift in Sources */ = {isa = PBXBuildFile; fileRef = CE631EBC241EAC4F00E11A70 /* SettingsTableViewController.swift */; };
		CE6354EB24211BDF00E114D0 /* SettingsViewModel.swift in Sources */ = {isa = PBXBuildFile; fileRef = CE6354EA24211BDF00E114D0 /* SettingsViewModel.swift */; };
		CE6354EF2421346A00E114D0 /* AddWeatherCityViewModel.swift in Sources */ = {isa = PBXBuildFile; fileRef = CE6354EE2421346A00E114D0 /* AddWeatherCityViewModel.swift */; };
		CE6354F22421353C00E114D0 /* BindingTextField.swift in Sources */ = {isa = PBXBuildFile; fileRef = CE6354F12421353C00E114D0 /* BindingTextField.swift */; };
		CE6354F42424E66700E114D0 /* WeatherDetailsViewController.swift in Sources */ = {isa = PBXBuildFile; fileRef = CE6354F32424E66700E114D0 /* WeatherDetailsViewController.swift */; };
		CE6354F72424ED1500E114D0 /* Dynamic.swift in Sources */ = {isa = PBXBuildFile; fileRef = CE6354F62424ED1500E114D0 /* Dynamic.swift */; };
		CE6354FA2424F85100E114D0 /* WeatherDataSource.swift in Sources */ = {isa = PBXBuildFile; fileRef = CE6354F92424F85100E114D0 /* WeatherDataSource.swift */; };
/* End PBXBuildFile section */

/* Begin PBXFileReference section */
		CE631E8C241DBF7400E11A70 /* swift-weather.app */ = {isa = PBXFileReference; explicitFileType = wrapper.application; includeInIndex = 0; path = "swift-weather.app"; sourceTree = BUILT_PRODUCTS_DIR; };
		CE631E8F241DBF7400E11A70 /* AppDelegate.swift */ = {isa = PBXFileReference; lastKnownFileType = sourcecode.swift; path = AppDelegate.swift; sourceTree = "<group>"; };
		CE631E91241DBF7400E11A70 /* SceneDelegate.swift */ = {isa = PBXFileReference; lastKnownFileType = sourcecode.swift; path = SceneDelegate.swift; sourceTree = "<group>"; };
		CE631E96241DBF7400E11A70 /* Base */ = {isa = PBXFileReference; lastKnownFileType = file.storyboard; name = Base; path = Base.lproj/Main.storyboard; sourceTree = "<group>"; };
		CE631E98241DBF7500E11A70 /* Assets.xcassets */ = {isa = PBXFileReference; lastKnownFileType = folder.assetcatalog; path = Assets.xcassets; sourceTree = "<group>"; };
		CE631E9B241DBF7500E11A70 /* Base */ = {isa = PBXFileReference; lastKnownFileType = file.storyboard; name = Base; path = Base.lproj/LaunchScreen.storyboard; sourceTree = "<group>"; };
		CE631E9D241DBF7500E11A70 /* Info.plist */ = {isa = PBXFileReference; lastKnownFileType = text.plist.xml; path = Info.plist; sourceTree = "<group>"; };
		CE631EA4241DBFAC00E11A70 /* .gitignore */ = {isa = PBXFileReference; lastKnownFileType = text; path = .gitignore; sourceTree = "<group>"; };
		CE631EA5241DBFED00E11A70 /* README.md */ = {isa = PBXFileReference; lastKnownFileType = net.daringfireball.markdown; path = README.md; sourceTree = "<group>"; };
		CE631EA7241DC37D00E11A70 /* WeatherListTableViewController.swift */ = {isa = PBXFileReference; lastKnownFileType = sourcecode.swift; path = WeatherListTableViewController.swift; sourceTree = "<group>"; };
		CE631EA9241DC3EA00E11A70 /* AddWeatherCityViewController.swift */ = {isa = PBXFileReference; lastKnownFileType = sourcecode.swift; path = AddWeatherCityViewController.swift; sourceTree = "<group>"; };
		CE631EAD241DCDD100E11A70 /* WeatherCell.swift */ = {isa = PBXFileReference; lastKnownFileType = sourcecode.swift; path = WeatherCell.swift; sourceTree = "<group>"; };
		CE631EB0241E8D5C00E11A70 /* WebService.swift */ = {isa = PBXFileReference; lastKnownFileType = sourcecode.swift; path = WebService.swift; sourceTree = "<group>"; };
		CE631EB3241E92A800E11A70 /* WeatherListViewModel.swift */ = {isa = PBXFileReference; lastKnownFileType = sourcecode.swift; path = WeatherListViewModel.swift; sourceTree = "<group>"; };
		CE631EB5241E931000E11A70 /* WeatherViewModel.swift */ = {isa = PBXFileReference; lastKnownFileType = sourcecode.swift; path = WeatherViewModel.swift; sourceTree = "<group>"; };
		CE631EBA241EA44E00E11A70 /* Double+Extensions.swift */ = {isa = PBXFileReference; lastKnownFileType = sourcecode.swift; path = "Double+Extensions.swift"; sourceTree = "<group>"; };
		CE631EBC241EAC4F00E11A70 /* SettingsTableViewController.swift */ = {isa = PBXFileReference; lastKnownFileType = sourcecode.swift; path = SettingsTableViewController.swift; sourceTree = "<group>"; };
		CE6354EA24211BDF00E114D0 /* SettingsViewModel.swift */ = {isa = PBXFileReference; lastKnownFileType = sourcecode.swift; path = SettingsViewModel.swift; sourceTree = "<group>"; };
		CE6354EE2421346A00E114D0 /* AddWeatherCityViewModel.swift */ = {isa = PBXFileReference; lastKnownFileType = sourcecode.swift; path = AddWeatherCityViewModel.swift; sourceTree = "<group>"; };
		CE6354F12421353C00E114D0 /* BindingTextField.swift */ = {isa = PBXFileReference; lastKnownFileType = sourcecode.swift; path = BindingTextField.swift; sourceTree = "<group>"; };
		CE6354F32424E66700E114D0 /* WeatherDetailsViewController.swift */ = {isa = PBXFileReference; lastKnownFileType = sourcecode.swift; path = WeatherDetailsViewController.swift; sourceTree = "<group>"; };
		CE6354F62424ED1500E114D0 /* Dynamic.swift */ = {isa = PBXFileReference; lastKnownFileType = sourcecode.swift; path = Dynamic.swift; sourceTree = "<group>"; };
		CE6354F92424F85100E114D0 /* WeatherDataSource.swift */ = {isa = PBXFileReference; lastKnownFileType = sourcecode.swift; path = WeatherDataSource.swift; sourceTree = "<group>"; };
/* End PBXFileReference section */

/* Begin PBXFrameworksBuildPhase section */
		CE631E89241DBF7400E11A70 /* Frameworks */ = {
			isa = PBXFrameworksBuildPhase;
			buildActionMask = 2147483647;
			files = (
			);
			runOnlyForDeploymentPostprocessing = 0;
		};
/* End PBXFrameworksBuildPhase section */

/* Begin PBXGroup section */
		CE631E83241DBF7400E11A70 = {
			isa = PBXGroup;
			children = (
				CE631E8E241DBF7400E11A70 /* swift-weather */,
				CE631E8D241DBF7400E11A70 /* Products */,
				CE631EA4241DBFAC00E11A70 /* .gitignore */,
				CE631EA5241DBFED00E11A70 /* README.md */,
			);
			sourceTree = "<group>";
		};
		CE631E8D241DBF7400E11A70 /* Products */ = {
			isa = PBXGroup;
			children = (
				CE631E8C241DBF7400E11A70 /* swift-weather.app */,
			);
			name = Products;
			sourceTree = "<group>";
		};
		CE631E8E241DBF7400E11A70 /* swift-weather */ = {
			isa = PBXGroup;
			children = (
				CE6354F82424F82400E114D0 /* DataSources */,
				CE6354F52424ECF400E114D0 /* TypeErasers */,
				CE6354F02421351B00E114D0 /* Controls */,
				CE631EB7241EA36900E11A70 /* Extensions */,
				CE631EB2241E929200E11A70 /* ViewModels */,
				CE631EAF241E8D4700E11A70 /* Services */,
				CE631EAC241DCDA600E11A70 /* Cells */,
				CE631EA6241DC35000E11A70 /* Controllers */,
				CE631E8F241DBF7400E11A70 /* AppDelegate.swift */,
				CE631E91241DBF7400E11A70 /* SceneDelegate.swift */,
				CE631E95241DBF7400E11A70 /* Main.storyboard */,
				CE631E98241DBF7500E11A70 /* Assets.xcassets */,
				CE631E9A241DBF7500E11A70 /* LaunchScreen.storyboard */,
				CE631E9D241DBF7500E11A70 /* Info.plist */,
			);
			path = "swift-weather";
			sourceTree = "<group>";
		};
		CE631EA6241DC35000E11A70 /* Controllers */ = {
			isa = PBXGroup;
			children = (
				CE631EA7241DC37D00E11A70 /* WeatherListTableViewController.swift */,
				CE6354F32424E66700E114D0 /* WeatherDetailsViewController.swift */,
				CE631EA9241DC3EA00E11A70 /* AddWeatherCityViewController.swift */,
				CE631EBC241EAC4F00E11A70 /* SettingsTableViewController.swift */,
			);
			path = Controllers;
			sourceTree = "<group>";
		};
		CE631EAC241DCDA600E11A70 /* Cells */ = {
			isa = PBXGroup;
			children = (
				CE631EAD241DCDD100E11A70 /* WeatherCell.swift */,
			);
			path = Cells;
			sourceTree = "<group>";
		};
		CE631EAF241E8D4700E11A70 /* Services */ = {
			isa = PBXGroup;
			children = (
				CE631EB0241E8D5C00E11A70 /* WebService.swift */,
			);
			path = Services;
			sourceTree = "<group>";
		};
		CE631EB2241E929200E11A70 /* ViewModels */ = {
			isa = PBXGroup;
			children = (
				CE631EB3241E92A800E11A70 /* WeatherListViewModel.swift */,
				CE631EB5241E931000E11A70 /* WeatherViewModel.swift */,
				CE6354EE2421346A00E114D0 /* AddWeatherCityViewModel.swift */,
				CE6354EA24211BDF00E114D0 /* SettingsViewModel.swift */,
			);
			path = ViewModels;
			sourceTree = "<group>";
		};
		CE631EB7241EA36900E11A70 /* Extensions */ = {
			isa = PBXGroup;
			children = (
				CE631EBA241EA44E00E11A70 /* Double+Extensions.swift */,
			);
			path = Extensions;
			sourceTree = "<group>";
		};
		CE6354F02421351B00E114D0 /* Controls */ = {
			isa = PBXGroup;
			children = (
				CE6354F12421353C00E114D0 /* BindingTextField.swift */,
			);
			path = Controls;
			sourceTree = "<group>";
		};
		CE6354F52424ECF400E114D0 /* TypeErasers */ = {
			isa = PBXGroup;
			children = (
				CE6354F62424ED1500E114D0 /* Dynamic.swift */,
			);
			path = TypeErasers;
			sourceTree = "<group>";
		};
		CE6354F82424F82400E114D0 /* DataSources */ = {
			isa = PBXGroup;
			children = (
				CE6354F92424F85100E114D0 /* WeatherDataSource.swift */,
			);
			path = DataSources;
			sourceTree = "<group>";
		};
/* End PBXGroup section */

/* Begin PBXNativeTarget section */
		CE631E8B241DBF7400E11A70 /* swift-weather */ = {
			isa = PBXNativeTarget;
			buildConfigurationList = CE631EA0241DBF7500E11A70 /* Build configuration list for PBXNativeTarget "swift-weather" */;
			buildPhases = (
				CE631E88241DBF7400E11A70 /* Sources */,
				CE631E89241DBF7400E11A70 /* Frameworks */,
				CE631E8A241DBF7400E11A70 /* Resources */,
			);
			buildRules = (
			);
			dependencies = (
			);
			name = "swift-weather";
			productName = "swift-weather";
			productReference = CE631E8C241DBF7400E11A70 /* swift-weather.app */;
			productType = "com.apple.product-type.application";
		};
/* End PBXNativeTarget section */

/* Begin PBXProject section */
		CE631E84241DBF7400E11A70 /* Project object */ = {
			isa = PBXProject;
			attributes = {
				LastSwiftUpdateCheck = 1130;
				LastUpgradeCheck = 1130;
				ORGANIZATIONNAME = NTUB;
				TargetAttributes = {
					CE631E8B241DBF7400E11A70 = {
						CreatedOnToolsVersion = 11.3.1;
					};
				};
			};
			buildConfigurationList = CE631E87241DBF7400E11A70 /* Build configuration list for PBXProject "swift-weather" */;
			compatibilityVersion = "Xcode 9.3";
			developmentRegion = en;
			hasScannedForEncodings = 0;
			knownRegions = (
				en,
				Base,
			);
			mainGroup = CE631E83241DBF7400E11A70;
			productRefGroup = CE631E8D241DBF7400E11A70 /* Products */;
			projectDirPath = "";
			projectRoot = "";
			targets = (
				CE631E8B241DBF7400E11A70 /* swift-weather */,
			);
		};
/* End PBXProject section */

/* Begin PBXResourcesBuildPhase section */
		CE631E8A241DBF7400E11A70 /* Resources */ = {
			isa = PBXResourcesBuildPhase;
			buildActionMask = 2147483647;
			files = (
				CE631E9C241DBF7500E11A70 /* LaunchScreen.storyboard in Resources */,
				CE631E99241DBF7500E11A70 /* Assets.xcassets in Resources */,
				CE631E97241DBF7400E11A70 /* Main.storyboard in Resources */,
			);
			runOnlyForDeploymentPostprocessing = 0;
		};
/* End PBXResourcesBuildPhase section */

/* Begin PBXSourcesBuildPhase section */
		CE631E88241DBF7400E11A70 /* Sources */ = {
			isa = PBXSourcesBuildPhase;
			buildActionMask = 2147483647;
			files = (
				CE631EB1241E8D5C00E11A70 /* WebService.swift in Sources */,
				CE631EA8241DC37D00E11A70 /* WeatherListTableViewController.swift in Sources */,
				CE631E90241DBF7400E11A70 /* AppDelegate.swift in Sources */,
				CE631EBB241EA44E00E11A70 /* Double+Extensions.swift in Sources */,
				CE631EB4241E92A800E11A70 /* WeatherListViewModel.swift in Sources */,
				CE631EAE241DCDD100E11A70 /* WeatherCell.swift in Sources */,
				CE6354F72424ED1500E114D0 /* Dynamic.swift in Sources */,
				CE6354EF2421346A00E114D0 /* AddWeatherCityViewModel.swift in Sources */,
				CE6354F22421353C00E114D0 /* BindingTextField.swift in Sources */,
				CE631EBD241EAC4F00E11A70 /* SettingsTableViewController.swift in Sources */,
				CE631EB6241E931100E11A70 /* WeatherViewModel.swift in Sources */,
				CE6354EB24211BDF00E114D0 /* SettingsViewModel.swift in Sources */,
				CE631EAA241DC3EA00E11A70 /* AddWeatherCityViewController.swift in Sources */,
				CE6354FA2424F85100E114D0 /* WeatherDataSource.swift in Sources */,
				CE6354F42424E66700E114D0 /* WeatherDetailsViewController.swift in Sources */,
				CE631E92241DBF7400E11A70 /* SceneDelegate.swift in Sources */,
			);
			runOnlyForDeploymentPostprocessing = 0;
		};
/* End PBXSourcesBuildPhase section */

/* Begin PBXVariantGroup section */
		CE631E95241DBF7400E11A70 /* Main.storyboard */ = {
			isa = PBXVariantGroup;
			children = (
				CE631E96241DBF7400E11A70 /* Base */,
			);
			name = Main.storyboard;
			sourceTree = "<group>";
		};
		CE631E9A241DBF7500E11A70 /* LaunchScreen.storyboard */ = {
			isa = PBXVariantGroup;
			children = (
				CE631E9B241DBF7500E11A70 /* Base */,
			);
			name = LaunchScreen.storyboard;
			sourceTree = "<group>";
		};
/* End PBXVariantGroup section */

/* Begin XCBuildConfiguration section */
		CE631E9E241DBF7500E11A70 /* Debug */ = {
			isa = XCBuildConfiguration;
			buildSettings = {
				ALWAYS_SEARCH_USER_PATHS = NO;
				CLANG_ANALYZER_NONNULL = YES;
				CLANG_ANALYZER_NUMBER_OBJECT_CONVERSION = YES_AGGRESSIVE;
				CLANG_CXX_LANGUAGE_STANDARD = "gnu++14";
				CLANG_CXX_LIBRARY = "libc++";
				CLANG_ENABLE_MODULES = YES;
				CLANG_ENABLE_OBJC_ARC = YES;
				CLANG_ENABLE_OBJC_WEAK = YES;
				CLANG_WARN_BLOCK_CAPTURE_AUTORELEASING = YES;
				CLANG_WARN_BOOL_CONVERSION = YES;
				CLANG_WARN_COMMA = YES;
				CLANG_WARN_CONSTANT_CONVERSION = YES;
				CLANG_WARN_DEPRECATED_OBJC_IMPLEMENTATIONS = YES;
				CLANG_WARN_DIRECT_OBJC_ISA_USAGE = YES_ERROR;
				CLANG_WARN_DOCUMENTATION_COMMENTS = YES;
				CLANG_WARN_EMPTY_BODY = YES;
				CLANG_WARN_ENUM_CONVERSION = YES;
				CLANG_WARN_INFINITE_RECURSION = YES;
				CLANG_WARN_INT_CONVERSION = YES;
				CLANG_WARN_NON_LITERAL_NULL_CONVERSION = YES;
				CLANG_WARN_OBJC_IMPLICIT_RETAIN_SELF = YES;
				CLANG_WARN_OBJC_LITERAL_CONVERSION = YES;
				CLANG_WARN_OBJC_ROOT_CLASS = YES_ERROR;
				CLANG_WARN_RANGE_LOOP_ANALYSIS = YES;
				CLANG_WARN_STRICT_PROTOTYPES = YES;
				CLANG_WARN_SUSPICIOUS_MOVE = YES;
				CLANG_WARN_UNGUARDED_AVAILABILITY = YES_AGGRESSIVE;
				CLANG_WARN_UNREACHABLE_CODE = YES;
				CLANG_WARN__DUPLICATE_METHOD_MATCH = YES;
				COPY_PHASE_STRIP = NO;
				DEBUG_INFORMATION_FORMAT = dwarf;
				ENABLE_STRICT_OBJC_MSGSEND = YES;
				ENABLE_TESTABILITY = YES;
				GCC_C_LANGUAGE_STANDARD = gnu11;
				GCC_DYNAMIC_NO_PIC = NO;
				GCC_NO_COMMON_BLOCKS = YES;
				GCC_OPTIMIZATION_LEVEL = 0;
				GCC_PREPROCESSOR_DEFINITIONS = (
					"DEBUG=1",
					"$(inherited)",
				);
				GCC_WARN_64_TO_32_BIT_CONVERSION = YES;
				GCC_WARN_ABOUT_RETURN_TYPE = YES_ERROR;
				GCC_WARN_UNDECLARED_SELECTOR = YES;
				GCC_WARN_UNINITIALIZED_AUTOS = YES_AGGRESSIVE;
				GCC_WARN_UNUSED_FUNCTION = YES;
				GCC_WARN_UNUSED_VARIABLE = YES;
				IPHONEOS_DEPLOYMENT_TARGET = 13.2;
				MTL_ENABLE_DEBUG_INFO = INCLUDE_SOURCE;
				MTL_FAST_MATH = YES;
				ONLY_ACTIVE_ARCH = YES;
				SDKROOT = iphoneos;
				SWIFT_ACTIVE_COMPILATION_CONDITIONS = DEBUG;
				SWIFT_OPTIMIZATION_LEVEL = "-Onone";
			};
			name = Debug;
		};
		CE631E9F241DBF7500E11A70 /* Release */ = {
			isa = XCBuildConfiguration;
			buildSettings = {
				ALWAYS_SEARCH_USER_PATHS = NO;
				CLANG_ANALYZER_NONNULL = YES;
				CLANG_ANALYZER_NUMBER_OBJECT_CONVERSION = YES_AGGRESSIVE;
				CLANG_CXX_LANGUAGE_STANDARD = "gnu++14";
				CLANG_CXX_LIBRARY = "libc++";
				CLANG_ENABLE_MODULES = YES;
				CLANG_ENABLE_OBJC_ARC = YES;
				CLANG_ENABLE_OBJC_WEAK = YES;
				CLANG_WARN_BLOCK_CAPTURE_AUTORELEASING = YES;
				CLANG_WARN_BOOL_CONVERSION = YES;
				CLANG_WARN_COMMA = YES;
				CLANG_WARN_CONSTANT_CONVERSION = YES;
				CLANG_WARN_DEPRECATED_OBJC_IMPLEMENTATIONS = YES;
				CLANG_WARN_DIRECT_OBJC_ISA_USAGE = YES_ERROR;
				CLANG_WARN_DOCUMENTATION_COMMENTS = YES;
				CLANG_WARN_EMPTY_BODY = YES;
				CLANG_WARN_ENUM_CONVERSION = YES;
				CLANG_WARN_INFINITE_RECURSION = YES;
				CLANG_WARN_INT_CONVERSION = YES;
				CLANG_WARN_NON_LITERAL_NULL_CONVERSION = YES;
				CLANG_WARN_OBJC_IMPLICIT_RETAIN_SELF = YES;
				CLANG_WARN_OBJC_LITERAL_CONVERSION = YES;
				CLANG_WARN_OBJC_ROOT_CLASS = YES_ERROR;
				CLANG_WARN_RANGE_LOOP_ANALYSIS = YES;
				CLANG_WARN_STRICT_PROTOTYPES = YES;
				CLANG_WARN_SUSPICIOUS_MOVE = YES;
				CLANG_WARN_UNGUARDED_AVAILABILITY = YES_AGGRESSIVE;
				CLANG_WARN_UNREACHABLE_CODE = YES;
				CLANG_WARN__DUPLICATE_METHOD_MATCH = YES;
				COPY_PHASE_STRIP = NO;
				DEBUG_INFORMATION_FORMAT = "dwarf-with-dsym";
				ENABLE_NS_ASSERTIONS = NO;
				ENABLE_STRICT_OBJC_MSGSEND = YES;
				GCC_C_LANGUAGE_STANDARD = gnu11;
				GCC_NO_COMMON_BLOCKS = YES;
				GCC_WARN_64_TO_32_BIT_CONVERSION = YES;
				GCC_WARN_ABOUT_RETURN_TYPE = YES_ERROR;
				GCC_WARN_UNDECLARED_SELECTOR = YES;
				GCC_WARN_UNINITIALIZED_AUTOS = YES_AGGRESSIVE;
				GCC_WARN_UNUSED_FUNCTION = YES;
				GCC_WARN_UNUSED_VARIABLE = YES;
				IPHONEOS_DEPLOYMENT_TARGET = 13.2;
				MTL_ENABLE_DEBUG_INFO = NO;
				MTL_FAST_MATH = YES;
				SDKROOT = iphoneos;
				SWIFT_COMPILATION_MODE = wholemodule;
				SWIFT_OPTIMIZATION_LEVEL = "-O";
				VALIDATE_PRODUCT = YES;
			};
			name = Release;
		};
		CE631EA1241DBF7500E11A70 /* Debug */ = {
			isa = XCBuildConfiguration;
			buildSettings = {
				ASSETCATALOG_COMPILER_APPICON_NAME = AppIcon;
				CODE_SIGN_STYLE = Automatic;
				INFOPLIST_FILE = "swift-weather/Info.plist";
				LD_RUNPATH_SEARCH_PATHS = (
					"$(inherited)",
					"@executable_path/Frameworks",
				);
				PRODUCT_BUNDLE_IDENTIFIER = "edu.ntub.swift-weather";
				PRODUCT_NAME = "$(TARGET_NAME)";
				SWIFT_VERSION = 5.0;
				TARGETED_DEVICE_FAMILY = "1,2";
			};
			name = Debug;
		};
		CE631EA2241DBF7500E11A70 /* Release */ = {
			isa = XCBuildConfiguration;
			buildSettings = {
				ASSETCATALOG_COMPILER_APPICON_NAME = AppIcon;
				CODE_SIGN_STYLE = Automatic;
				INFOPLIST_FILE = "swift-weather/Info.plist";
				LD_RUNPATH_SEARCH_PATHS = (
					"$(inherited)",
					"@executable_path/Frameworks",
				);
				PRODUCT_BUNDLE_IDENTIFIER = "edu.ntub.swift-weather";
				PRODUCT_NAME = "$(TARGET_NAME)";
				SWIFT_VERSION = 5.0;
				TARGETED_DEVICE_FAMILY = "1,2";
			};
			name = Release;
		};
/* End XCBuildConfiguration section */

/* Begin XCConfigurationList section */
		CE631E87241DBF7400E11A70 /* Build configuration list for PBXProject "swift-weather" */ = {
			isa = XCConfigurationList;
			buildConfigurations = (
				CE631E9E241DBF7500E11A70 /* Debug */,
				CE631E9F241DBF7500E11A70 /* Release */,
			);
			defaultConfigurationIsVisible = 0;
			defaultConfigurationName = Release;
		};
		CE631EA0241DBF7500E11A70 /* Build configuration list for PBXNativeTarget "swift-weather" */ = {
			isa = XCConfigurationList;
			buildConfigurations = (
				CE631EA1241DBF7500E11A70 /* Debug */,
				CE631EA2241DBF7500E11A70 /* Release */,
			);
			defaultConfigurationIsVisible = 0;
			defaultConfigurationName = Release;
		};
/* End XCConfigurationList section */
	};
	rootObject = CE631E84241DBF7400E11A70 /* Project object */;
}
